
Microsoft Visual Studio Solution File, Format Version 12.00
# Visual Studio Version 17
VisualStudioVersion = 17.2.32616.157
MinimumVisualStudioVersion = 10.0.40219.1
Project("{FAE04EC0-301F-11D3-BF4B-00C04F79EFBC}") = "APF(Alien_Plant_Finder)", "APF(Alien_Plant_Finder)\APF(Alien_Plant_Finder).csproj", "{6930BB42-FD1E-420E-AB04-0E2447B928F6}"
EndProject
Global
	GlobalSection(SolutionConfigurationPlatforms) = preSolution
		Debug|Any CPU = Debug|Any CPU
		Release|Any CPU = Release|Any CPU
	EndGlobalSection
	GlobalSection(ProjectConfigurationPlatforms) = postSolution
		{6930BB42-FD1E-420E-AB04-0E2447B928F6}.Debug|Any CPU.ActiveCfg = Debug|Any CPU
		{6930BB42-FD1E-420E-AB04-0E2447B928F6}.Debug|Any CPU.Build.0 = Debug|Any CPU
		{6930BB42-FD1E-420E-AB04-0E2447B928F6}.Debug|Any CPU.Deploy.0 = Debug|Any CPU
		{6930BB42-FD1E-420E-AB04-0E2447B928F6}.Release|Any CPU.ActiveCfg = Release|Any CPU
		{6930BB42-FD1E-420E-AB04-0E2447B928F6}.Release|Any CPU.Build.0 = Release|Any CPU
		{6930BB42-FD1E-420E-AB04-0E2447B928F6}.Release|Any CPU.Deploy.0 = Release|Any CPU
	EndGlobalSection
	GlobalSection(SolutionProperties) = preSolution
		HideSolutionNode = FALSE
	EndGlobalSection
	GlobalSection(ExtensibilityGlobals) = postSolution
		SolutionGuid = {E637E17E-5959-4914-BED4-0FF7C37EEC4D}
	EndGlobalSection
EndGlobal
